# Exact wheel artifacts selected from vectorize-io/hindsight@176f8c2de1369f569c489b831d143b78128b5535
# hindsight-integrations/hermes/uv.lock.  The SHA256 URL fragments bind the
# downloaded bytes while --no-deps leaves Hermes v2026.9.24's pinned graph intact.
hindsight-client @ https://files.pythonhosted.org/packages/5b/9b/aef41711ea4ea419386a10d7b5b52cebd9aac380127897629508ddff12b9/hindsight_client-0.10.1-py3-none-any.whl#sha256=04e03353a0f9dcfa7b1b1000cccc8f077a93a788b27af62cc5e014b2dd3b960c
aiohttp-retry @ https://files.pythonhosted.org/packages/1a/99/84ba7273339d0f3dfa57901b846489d2e5c2cd731470167757f1935fffbd/aiohttp_retry-2.9.1-py3-none-any.whl#sha256=66d2759d1921838256a05a3f80ad7e724936f083e35be5abb5e16eed6be6dc54
