{
  "name": ".opencode",
  "lockfileVersion": 3,
  "requires": true,
  "packages": {
    "": {
      "dependencies": {
        "@opencode-ai/plugin": "1.2.26",
        "opencode-beads": "^0.6.0"
      }
    },
    "node_modules/@opencode-ai/plugin": {
      "version": "1.2.26",
      "license": "MIT",
      "dependencies": {
        "@opencode-ai/sdk": "1.2.26",
        "zod": "4.1.8"
      }
    },
    "node_modules/@opencode-ai/sdk": {
      "version": "1.2.26",
      "license": "MIT"
    },
    "node_modules/opencode-beads": {
      "version": "0.6.0",
      "resolved": "https://registry.npmjs.org/opencode-beads/-/opencode-beads-0.6.0.tgz",
      "integrity": "sha512-kJXSwma19Y/T0Rpj37Tz6+ZfpkNDsDoTNgE+f1EwgHasgEpbuc5hNm4raeJ3UX/Pf8G+EofQjpbD5+A0HwGbew==",
      "license": "MIT",
      "dependencies": {
        "@opencode-ai/plugin": "^1.0.143",
        "@opencode-ai/sdk": "^1.0.143",
        "zod": "^4.1.13"
      },
      "engines": {
        "bun": ">=1.0.0"
      }
    },
    "node_modules/opencode-beads/node_modules/zod": {
      "version": "4.3.6",
      "resolved": "https://registry.npmjs.org/zod/-/zod-4.3.6.tgz",
      "integrity": "sha512-rftlrkhHZOcjDwkGlnUtZZkvaPHCsDATp4pGpuOOMDaTdDDXF91wuVDJoWoPsKX/3YPQ5fHuF3STjcYyKr+Qhg==",
      "license": "MIT",
      "funding": {
        "url": "https://github.com/sponsors/colinhacks"
      }
    },
    "node_modules/zod": {
      "version": "4.1.8",
      "license": "MIT",
      "funding": {
        "url": "https://github.com/sponsors/colinhacks"
      }
    }
  }
}
